
Microsoft Visual Studio Solution File, Format Version 12.00
# Visual Studio Version 17
VisualStudioVersion = 17.6.33829.357
MinimumVisualStudioVersion = 10.0.40219.1
Project("{FAE04EC0-301F-11D3-BF4B-00C04F79EFBC}") = "MinecraftStatsViewer_", "MinecraftStatsViewer_.csproj", "{8E2DF232-FEE3-4AAD-A49E-91C27C2FD22A}"
EndProject
Global
	GlobalSection(SolutionConfigurationPlatforms) = preSolution
		Debug|Any CPU = Debug|Any CPU
		Release|Any CPU = Release|Any CPU
	EndGlobalSection
	GlobalSection(ProjectConfigurationPlatforms) = postSolution
		{8E2DF232-FEE3-4AAD-A49E-91C27C2FD22A}.Debug|Any CPU.ActiveCfg = Debug|Any CPU
		{8E2DF232-FEE3-4AAD-A49E-91C27C2FD22A}.Debug|Any CPU.Build.0 = Debug|Any CPU
		{8E2DF232-FEE3-4AAD-A49E-91C27C2FD22A}.Release|Any CPU.ActiveCfg = Release|Any CPU
		{8E2DF232-FEE3-4AAD-A49E-91C27C2FD22A}.Release|Any CPU.Build.0 = Release|Any CPU
	EndGlobalSection
	GlobalSection(SolutionProperties) = preSolution
		HideSolutionNode = FALSE
	EndGlobalSection
	GlobalSection(ExtensibilityGlobals) = postSolution
		SolutionGuid = {170E9280-3854-4F82-8A9E-3A079A48C84D}
	EndGlobalSection
EndGlobal
