
Microsoft Visual Studio Solution File, Format Version 12.00
# Visual Studio Version 17
VisualStudioVersion = 17.5.33627.172
MinimumVisualStudioVersion = 10.0.40219.1
Project("{FAE04EC0-301F-11D3-BF4B-00C04F79EFBC}") = "Server", "Server\Server.csproj", "{8696B69F-692D-4B30-8762-9412B1A48A0E}"
EndProject
Project("{FAE04EC0-301F-11D3-BF4B-00C04F79EFBC}") = "Client.Windows", "Client.Windows\Client.Windows.csproj", "{3F03D81D-BDE5-4B52-8ECE-897F3CCEE7F7}"
EndProject
Project("{FAE04EC0-301F-11D3-BF4B-00C04F79EFBC}") = "Communicate", "Communicate\Communicate.csproj", "{BE4B2EA9-6A2D-4184-A6AD-0A101A62BD6C}"
EndProject
Global
	GlobalSection(SolutionConfigurationPlatforms) = preSolution
		Debug|Any CPU = Debug|Any CPU
		Release|Any CPU = Release|Any CPU
	EndGlobalSection
	GlobalSection(ProjectConfigurationPlatforms) = postSolution
		{8696B69F-692D-4B30-8762-9412B1A48A0E}.Debug|Any CPU.ActiveCfg = Debug|Any CPU
		{8696B69F-692D-4B30-8762-9412B1A48A0E}.Debug|Any CPU.Build.0 = Debug|Any CPU
		{8696B69F-692D-4B30-8762-9412B1A48A0E}.Release|Any CPU.ActiveCfg = Release|Any CPU
		{8696B69F-692D-4B30-8762-9412B1A48A0E}.Release|Any CPU.Build.0 = Release|Any CPU
		{3F03D81D-BDE5-4B52-8ECE-897F3CCEE7F7}.Debug|Any CPU.ActiveCfg = Debug|Any CPU
		{3F03D81D-BDE5-4B52-8ECE-897F3CCEE7F7}.Debug|Any CPU.Build.0 = Debug|Any CPU
		{3F03D81D-BDE5-4B52-8ECE-897F3CCEE7F7}.Release|Any CPU.ActiveCfg = Release|Any CPU
		{3F03D81D-BDE5-4B52-8ECE-897F3CCEE7F7}.Release|Any CPU.Build.0 = Release|Any CPU
		{BE4B2EA9-6A2D-4184-A6AD-0A101A62BD6C}.Debug|Any CPU.ActiveCfg = Debug|Any CPU
		{BE4B2EA9-6A2D-4184-A6AD-0A101A62BD6C}.Debug|Any CPU.Build.0 = Debug|Any CPU
		{BE4B2EA9-6A2D-4184-A6AD-0A101A62BD6C}.Release|Any CPU.ActiveCfg = Release|Any CPU
		{BE4B2EA9-6A2D-4184-A6AD-0A101A62BD6C}.Release|Any CPU.Build.0 = Release|Any CPU
	EndGlobalSection
	GlobalSection(SolutionProperties) = preSolution
		HideSolutionNode = FALSE
	EndGlobalSection
	GlobalSection(ExtensibilityGlobals) = postSolution
		SolutionGuid = {7A38FAC8-1334-45A1-96B2-934BD2783B2B}
	EndGlobalSection
EndGlobal
